
Microsoft Visual Studio Solution File, Format Version 12.00
# Visual Studio Version 17
VisualStudioVersion = 17.1.31903.286
MinimumVisualStudioVersion = 10.0.40219.1
Project("{9A19103F-16F7-4668-BE54-9A1E7A4F7556}") = "AutoLayout.Core", "AutoLayout\AutoLayout.Core.csproj", "{41B96CD2-8EE7-4563-A1D4-9A58A50A7671}"
EndProject
Project("{FAE04EC0-301F-11D3-BF4B-00C04F79EFBC}") = "AutoLayoutUIView", "AutoLayoutUIView\AutoLayoutUIView.csproj", "{6FBC8241-8730-4C5E-A049-A0AEFCA9A68F}"
EndProject
Project("{9A19103F-16F7-4668-BE54-9A1E7A4F7556}") = "AutoLayoutPanel.Wpf", "AutoLayoutPanel.Wpf\AutoLayoutPanel.Wpf.csproj", "{66A592B5-4B89-4B41-A1F2-819B54C7FB38}"
EndProject
Project("{FAE04EC0-301F-11D3-BF4B-00C04F79EFBC}") = "AutoLayoutPanel.iOS", "AutoLayoutPanel.iOS\AutoLayoutPanel.iOS.csproj", "{F1ACB087-FF56-49F7-BD25-171EF11EE628}"
EndProject
Project("{FAE04EC0-301F-11D3-BF4B-00C04F79EFBC}") = "AutoLayoutPanel.Droid", "AutoLayout.Droid\AutoLayoutPanel.Droid.csproj", "{8845AC94-31C4-4A1E-9BBC-2BF8BED1C5EA}"
EndProject
Project("{D954291E-2A0B-460D-934E-DC6B0785DB48}") = "AutoLayoutPanel", "AutoLayoutPanel\AutoLayoutPanel.shproj", "{CD95E724-28F6-4E7F-B6FB-DFDCD2764F71}"
EndProject
Project("{9A19103F-16F7-4668-BE54-9A1E7A4F7556}") = "AutoLayoutPanel.Wpf.Test", "AutoLayoutPanel.Wpf.Test\AutoLayoutPanel.Wpf.Test.csproj", "{45100718-0584-42EE-9D64-1ECA61A4CB60}"
EndProject
Project("{FAE04EC0-301F-11D3-BF4B-00C04F79EFBC}") = "AutoLayout.Droid.Test", "AutoLayout.Droid.Test\AutoLayout.Droid.Test.csproj", "{BE334868-9D0C-47CA-B215-BEC9C155801B}"
EndProject
Project("{9A19103F-16F7-4668-BE54-9A1E7A4F7556}") = "Kiwi", "kiwi-net-master\Kiwi\Kiwi\Kiwi.csproj", "{3818EEBF-BF3E-42D0-9FB9-F1CCF7B6B862}"
EndProject
Project("{9A19103F-16F7-4668-BE54-9A1E7A4F7556}") = "TestLibrary", "TestLibrary\TestLibrary.csproj", "{238A2A9F-578C-4F13-B4A7-0224DED1E295}"
EndProject
Project("{9A19103F-16F7-4668-BE54-9A1E7A4F7556}") = "Kiwi_Ts", "Kiwi_Ts\Kiwi_Ts.csproj", "{61EE8AC1-F80C-4E5D-9D0D-424A5D74791C}"
EndProject
Project("{FAE04EC0-301F-11D3-BF4B-00C04F79EFBC}") = "CassowaryNET", "..\CassowaryNET-master\CassowaryNET\CassowaryNET.csproj", "{081D5457-6212-451C-A9DE-D035AAEFC94A}"
EndProject
Project("{9A19103F-16F7-4668-BE54-9A1E7A4F7556}") = "Kiwi_TsTests", "Kiwi_TsTests\Kiwi_TsTests.csproj", "{8831C9A3-B743-42D9-9989-79DC829E6F59}"
EndProject
Global
	GlobalSection(SharedMSBuildProjectFiles) = preSolution
		AutoLayoutPanel\AutoLayoutPanel.projitems*{66a592b5-4b89-4b41-a1f2-819b54c7fb38}*SharedItemsImports = 5
		AutoLayoutPanel\AutoLayoutPanel.projitems*{8845ac94-31c4-4a1e-9bbc-2bf8bed1c5ea}*SharedItemsImports = 4
		AutoLayoutPanel\AutoLayoutPanel.projitems*{cd95e724-28f6-4e7f-b6fb-dfdcd2764f71}*SharedItemsImports = 13
		AutoLayoutPanel\AutoLayoutPanel.projitems*{f1acb087-ff56-49f7-bd25-171ef11ee628}*SharedItemsImports = 4
	EndGlobalSection
	GlobalSection(SolutionConfigurationPlatforms) = preSolution
		Debug|Any CPU = Debug|Any CPU
		Debug|iPhone = Debug|iPhone
		Debug|iPhoneSimulator = Debug|iPhoneSimulator
		Debug|Mixed Platforms = Debug|Mixed Platforms
		Debug|x64 = Debug|x64
		Debug|x86 = Debug|x86
		Release|Any CPU = Release|Any CPU
		Release|iPhone = Release|iPhone
		Release|iPhoneSimulator = Release|iPhoneSimulator
		Release|Mixed Platforms = Release|Mixed Platforms
		Release|x64 = Release|x64
		Release|x86 = Release|x86
	EndGlobalSection
	GlobalSection(ProjectConfigurationPlatforms) = postSolution
		{41B96CD2-8EE7-4563-A1D4-9A58A50A7671}.Debug|Any CPU.ActiveCfg = Debug|Any CPU
		{41B96CD2-8EE7-4563-A1D4-9A58A50A7671}.Debug|Any CPU.Build.0 = Debug|Any CPU
		{41B96CD2-8EE7-4563-A1D4-9A58A50A7671}.Debug|iPhone.ActiveCfg = Debug|Any CPU
		{41B96CD2-8EE7-4563-A1D4-9A58A50A7671}.Debug|iPhone.Build.0 = Debug|Any CPU
		{41B96CD2-8EE7-4563-A1D4-9A58A50A7671}.Debug|iPhoneSimulator.ActiveCfg = Debug|Any CPU
		{41B96CD2-8EE7-4563-A1D4-9A58A50A7671}.Debug|iPhoneSimulator.Build.0 = Debug|Any CPU
		{41B96CD2-8EE7-4563-A1D4-9A58A50A7671}.Debug|Mixed Platforms.ActiveCfg = Debug|Any CPU
		{41B96CD2-8EE7-4563-A1D4-9A58A50A7671}.Debug|Mixed Platforms.Build.0 = Debug|Any CPU
		{41B96CD2-8EE7-4563-A1D4-9A58A50A7671}.Debug|x64.ActiveCfg = Debug|Any CPU
		{41B96CD2-8EE7-4563-A1D4-9A58A50A7671}.Debug|x64.Build.0 = Debug|Any CPU
		{41B96CD2-8EE7-4563-A1D4-9A58A50A7671}.Debug|x86.ActiveCfg = Debug|Any CPU
		{41B96CD2-8EE7-4563-A1D4-9A58A50A7671}.Debug|x86.Build.0 = Debug|Any CPU
		{41B96CD2-8EE7-4563-A1D4-9A58A50A7671}.Release|Any CPU.ActiveCfg = Release|Any CPU
		{41B96CD2-8EE7-4563-A1D4-9A58A50A7671}.Release|Any CPU.Build.0 = Release|Any CPU
		{41B96CD2-8EE7-4563-A1D4-9A58A50A7671}.Release|iPhone.ActiveCfg = Release|Any CPU
		{41B96CD2-8EE7-4563-A1D4-9A58A50A7671}.Release|iPhone.Build.0 = Release|Any CPU
		{41B96CD2-8EE7-4563-A1D4-9A58A50A7671}.Release|iPhoneSimulator.ActiveCfg = Release|Any CPU
		{41B96CD2-8EE7-4563-A1D4-9A58A50A7671}.Release|iPhoneSimulator.Build.0 = Release|Any CPU
		{41B96CD2-8EE7-4563-A1D4-9A58A50A7671}.Release|Mixed Platforms.ActiveCfg = Release|Any CPU
		{41B96CD2-8EE7-4563-A1D4-9A58A50A7671}.Release|Mixed Platforms.Build.0 = Release|Any CPU
		{41B96CD2-8EE7-4563-A1D4-9A58A50A7671}.Release|x64.ActiveCfg = Release|Any CPU
		{41B96CD2-8EE7-4563-A1D4-9A58A50A7671}.Release|x64.Build.0 = Release|Any CPU
		{41B96CD2-8EE7-4563-A1D4-9A58A50A7671}.Release|x86.ActiveCfg = Release|Any CPU
		{41B96CD2-8EE7-4563-A1D4-9A58A50A7671}.Release|x86.Build.0 = Release|Any CPU
		{6FBC8241-8730-4C5E-A049-A0AEFCA9A68F}.Debug|Any CPU.ActiveCfg = Debug|iPhoneSimulator
		{6FBC8241-8730-4C5E-A049-A0AEFCA9A68F}.Debug|Any CPU.Build.0 = Debug|iPhoneSimulator
		{6FBC8241-8730-4C5E-A049-A0AEFCA9A68F}.Debug|iPhone.ActiveCfg = Debug|iPhone
		{6FBC8241-8730-4C5E-A049-A0AEFCA9A68F}.Debug|iPhone.Build.0 = Debug|iPhone
		{6FBC8241-8730-4C5E-A049-A0AEFCA9A68F}.Debug|iPhoneSimulator.ActiveCfg = Debug|iPhoneSimulator
		{6FBC8241-8730-4C5E-A049-A0AEFCA9A68F}.Debug|iPhoneSimulator.Build.0 = Debug|iPhoneSimulator
		{6FBC8241-8730-4C5E-A049-A0AEFCA9A68F}.Debug|Mixed Platforms.ActiveCfg = Debug|iPhoneSimulator
		{6FBC8241-8730-4C5E-A049-A0AEFCA9A68F}.Debug|Mixed Platforms.Build.0 = Debug|iPhoneSimulator
		{6FBC8241-8730-4C5E-A049-A0AEFCA9A68F}.Debug|x64.ActiveCfg = Debug|iPhone
		{6FBC8241-8730-4C5E-A049-A0AEFCA9A68F}.Debug|x64.Build.0 = Debug|iPhone
		{6FBC8241-8730-4C5E-A049-A0AEFCA9A68F}.Debug|x86.ActiveCfg = Debug|iPhoneSimulator
		{6FBC8241-8730-4C5E-A049-A0AEFCA9A68F}.Debug|x86.Build.0 = Debug|iPhoneSimulator
		{6FBC8241-8730-4C5E-A049-A0AEFCA9A68F}.Release|Any CPU.ActiveCfg = Release|iPhoneSimulator
		{6FBC8241-8730-4C5E-A049-A0AEFCA9A68F}.Release|Any CPU.Build.0 = Release|iPhoneSimulator
		{6FBC8241-8730-4C5E-A049-A0AEFCA9A68F}.Release|iPhone.ActiveCfg = Release|iPhone
		{6FBC8241-8730-4C5E-A049-A0AEFCA9A68F}.Release|iPhone.Build.0 = Release|iPhone
		{6FBC8241-8730-4C5E-A049-A0AEFCA9A68F}.Release|iPhoneSimulator.ActiveCfg = Release|iPhoneSimulator
		{6FBC8241-8730-4C5E-A049-A0AEFCA9A68F}.Release|iPhoneSimulator.Build.0 = Release|iPhoneSimulator
		{6FBC8241-8730-4C5E-A049-A0AEFCA9A68F}.Release|Mixed Platforms.ActiveCfg = Release|iPhoneSimulator
		{6FBC8241-8730-4C5E-A049-A0AEFCA9A68F}.Release|Mixed Platforms.Build.0 = Release|iPhoneSimulator
		{6FBC8241-8730-4C5E-A049-A0AEFCA9A68F}.Release|x64.ActiveCfg = Release|iPhone
		{6FBC8241-8730-4C5E-A049-A0AEFCA9A68F}.Release|x64.Build.0 = Release|iPhone
		{6FBC8241-8730-4C5E-A049-A0AEFCA9A68F}.Release|x86.ActiveCfg = Release|iPhoneSimulator
		{6FBC8241-8730-4C5E-A049-A0AEFCA9A68F}.Release|x86.Build.0 = Release|iPhoneSimulator
		{66A592B5-4B89-4B41-A1F2-819B54C7FB38}.Debug|Any CPU.ActiveCfg = Debug|Any CPU
		{66A592B5-4B89-4B41-A1F2-819B54C7FB38}.Debug|Any CPU.Build.0 = Debug|Any CPU
		{66A592B5-4B89-4B41-A1F2-819B54C7FB38}.Debug|iPhone.ActiveCfg = Debug|Any CPU
		{66A592B5-4B89-4B41-A1F2-819B54C7FB38}.Debug|iPhone.Build.0 = Debug|Any CPU
		{66A592B5-4B89-4B41-A1F2-819B54C7FB38}.Debug|iPhoneSimulator.ActiveCfg = Debug|Any CPU
		{66A592B5-4B89-4B41-A1F2-819B54C7FB38}.Debug|iPhoneSimulator.Build.0 = Debug|Any CPU
		{66A592B5-4B89-4B41-A1F2-819B54C7FB38}.Debug|Mixed Platforms.ActiveCfg = Debug|Any CPU
		{66A592B5-4B89-4B41-A1F2-819B54C7FB38}.Debug|Mixed Platforms.Build.0 = Debug|Any CPU
		{66A592B5-4B89-4B41-A1F2-819B54C7FB38}.Debug|x64.ActiveCfg = Debug|Any CPU
		{66A592B5-4B89-4B41-A1F2-819B54C7FB38}.Debug|x64.Build.0 = Debug|Any CPU
		{66A592B5-4B89-4B41-A1F2-819B54C7FB38}.Debug|x86.ActiveCfg = Debug|Any CPU
		{66A592B5-4B89-4B41-A1F2-819B54C7FB38}.Debug|x86.Build.0 = Debug|Any CPU
		{66A592B5-4B89-4B41-A1F2-819B54C7FB38}.Release|Any CPU.ActiveCfg = Release|Any CPU
		{66A592B5-4B89-4B41-A1F2-819B54C7FB38}.Release|Any CPU.Build.0 = Release|Any CPU
		{66A592B5-4B89-4B41-A1F2-819B54C7FB38}.Release|iPhone.ActiveCfg = Release|Any CPU
		{66A592B5-4B89-4B41-A1F2-819B54C7FB38}.Release|iPhone.Build.0 = Release|Any CPU
		{66A592B5-4B89-4B41-A1F2-819B54C7FB38}.Release|iPhoneSimulator.ActiveCfg = Release|Any CPU
		{66A592B5-4B89-4B41-A1F2-819B54C7FB38}.Release|iPhoneSimulator.Build.0 = Release|Any CPU
		{66A592B5-4B89-4B41-A1F2-819B54C7FB38}.Release|Mixed Platforms.ActiveCfg = Release|Any CPU
		{66A592B5-4B89-4B41-A1F2-819B54C7FB38}.Release|Mixed Platforms.Build.0 = Release|Any CPU
		{66A592B5-4B89-4B41-A1F2-819B54C7FB38}.Release|x64.ActiveCfg = Release|Any CPU
		{66A592B5-4B89-4B41-A1F2-819B54C7FB38}.Release|x64.Build.0 = Release|Any CPU
		{66A592B5-4B89-4B41-A1F2-819B54C7FB38}.Release|x86.ActiveCfg = Release|Any CPU
		{66A592B5-4B89-4B41-A1F2-819B54C7FB38}.Release|x86.Build.0 = Release|Any CPU
		{F1ACB087-FF56-49F7-BD25-171EF11EE628}.Debug|Any CPU.ActiveCfg = Debug|Any CPU
		{F1ACB087-FF56-49F7-BD25-171EF11EE628}.Debug|Any CPU.Build.0 = Debug|Any CPU
		{F1ACB087-FF56-49F7-BD25-171EF11EE628}.Debug|iPhone.ActiveCfg = Debug|Any CPU
		{F1ACB087-FF56-49F7-BD25-171EF11EE628}.Debug|iPhone.Build.0 = Debug|Any CPU
		{F1ACB087-FF56-49F7-BD25-171EF11EE628}.Debug|iPhoneSimulator.ActiveCfg = Debug|Any CPU
		{F1ACB087-FF56-49F7-BD25-171EF11EE628}.Debug|iPhoneSimulator.Build.0 = Debug|Any CPU
		{F1ACB087-FF56-49F7-BD25-171EF11EE628}.Debug|Mixed Platforms.ActiveCfg = Debug|Any CPU
		{F1ACB087-FF56-49F7-BD25-171EF11EE628}.Debug|Mixed Platforms.Build.0 = Debug|Any CPU
		{F1ACB087-FF56-49F7-BD25-171EF11EE628}.Debug|x64.ActiveCfg = Debug|Any CPU
		{F1ACB087-FF56-49F7-BD25-171EF11EE628}.Debug|x64.Build.0 = Debug|Any CPU
		{F1ACB087-FF56-49F7-BD25-171EF11EE628}.Debug|x86.ActiveCfg = Debug|Any CPU
		{F1ACB087-FF56-49F7-BD25-171EF11EE628}.Debug|x86.Build.0 = Debug|Any CPU
		{F1ACB087-FF56-49F7-BD25-171EF11EE628}.Release|Any CPU.ActiveCfg = Release|Any CPU
		{F1ACB087-FF56-49F7-BD25-171EF11EE628}.Release|Any CPU.Build.0 = Release|Any CPU
		{F1ACB087-FF56-49F7-BD25-171EF11EE628}.Release|iPhone.ActiveCfg = Release|Any CPU
		{F1ACB087-FF56-49F7-BD25-171EF11EE628}.Release|iPhone.Build.0 = Release|Any CPU
		{F1ACB087-FF56-49F7-BD25-171EF11EE628}.Release|iPhoneSimulator.ActiveCfg = Release|Any CPU
		{F1ACB087-FF56-49F7-BD25-171EF11EE628}.Release|iPhoneSimulator.Build.0 = Release|Any CPU
		{F1ACB087-FF56-49F7-BD25-171EF11EE628}.Release|Mixed Platforms.ActiveCfg = Release|Any CPU
		{F1ACB087-FF56-49F7-BD25-171EF11EE628}.Release|Mixed Platforms.Build.0 = Release|Any CPU
		{F1ACB087-FF56-49F7-BD25-171EF11EE628}.Release|x64.ActiveCfg = Release|Any CPU
		{F1ACB087-FF56-49F7-BD25-171EF11EE628}.Release|x64.Build.0 = Release|Any CPU
		{F1ACB087-FF56-49F7-BD25-171EF11EE628}.Release|x86.ActiveCfg = Release|Any CPU
		{F1ACB087-FF56-49F7-BD25-171EF11EE628}.Release|x86.Build.0 = Release|Any CPU
		{8845AC94-31C4-4A1E-9BBC-2BF8BED1C5EA}.Debug|Any CPU.ActiveCfg = Debug|Any CPU
		{8845AC94-31C4-4A1E-9BBC-2BF8BED1C5EA}.Debug|Any CPU.Build.0 = Debug|Any CPU
		{8845AC94-31C4-4A1E-9BBC-2BF8BED1C5EA}.Debug|iPhone.ActiveCfg = Debug|Any CPU
		{8845AC94-31C4-4A1E-9BBC-2BF8BED1C5EA}.Debug|iPhone.Build.0 = Debug|Any CPU
		{8845AC94-31C4-4A1E-9BBC-2BF8BED1C5EA}.Debug|iPhoneSimulator.ActiveCfg = Debug|Any CPU
		{8845AC94-31C4-4A1E-9BBC-2BF8BED1C5EA}.Debug|iPhoneSimulator.Build.0 = Debug|Any CPU
		{8845AC94-31C4-4A1E-9BBC-2BF8BED1C5EA}.Debug|Mixed Platforms.ActiveCfg = Debug|Any CPU
		{8845AC94-31C4-4A1E-9BBC-2BF8BED1C5EA}.Debug|Mixed Platforms.Build.0 = Debug|Any CPU
		{8845AC94-31C4-4A1E-9BBC-2BF8BED1C5EA}.Debug|x64.ActiveCfg = Debug|Any CPU
		{8845AC94-31C4-4A1E-9BBC-2BF8BED1C5EA}.Debug|x64.Build.0 = Debug|Any CPU
		{8845AC94-31C4-4A1E-9BBC-2BF8BED1C5EA}.Debug|x86.ActiveCfg = Debug|Any CPU
		{8845AC94-31C4-4A1E-9BBC-2BF8BED1C5EA}.Debug|x86.Build.0 = Debug|Any CPU
		{8845AC94-31C4-4A1E-9BBC-2BF8BED1C5EA}.Release|Any CPU.ActiveCfg = Release|Any CPU
		{8845AC94-31C4-4A1E-9BBC-2BF8BED1C5EA}.Release|Any CPU.Build.0 = Release|Any CPU
		{8845AC94-31C4-4A1E-9BBC-2BF8BED1C5EA}.Release|iPhone.ActiveCfg = Release|Any CPU
		{8845AC94-31C4-4A1E-9BBC-2BF8BED1C5EA}.Release|iPhone.Build.0 = Release|Any CPU
		{8845AC94-31C4-4A1E-9BBC-2BF8BED1C5EA}.Release|iPhoneSimulator.ActiveCfg = Release|Any CPU
		{8845AC94-31C4-4A1E-9BBC-2BF8BED1C5EA}.Release|iPhoneSimulator.Build.0 = Release|Any CPU
		{8845AC94-31C4-4A1E-9BBC-2BF8BED1C5EA}.Release|Mixed Platforms.ActiveCfg = Release|Any CPU
		{8845AC94-31C4-4A1E-9BBC-2BF8BED1C5EA}.Release|Mixed Platforms.Build.0 = Release|Any CPU
		{8845AC94-31C4-4A1E-9BBC-2BF8BED1C5EA}.Release|x64.ActiveCfg = Release|Any CPU
		{8845AC94-31C4-4A1E-9BBC-2BF8BED1C5EA}.Release|x64.Build.0 = Release|Any CPU
		{8845AC94-31C4-4A1E-9BBC-2BF8BED1C5EA}.Release|x86.ActiveCfg = Release|Any CPU
		{8845AC94-31C4-4A1E-9BBC-2BF8BED1C5EA}.Release|x86.Build.0 = Release|Any CPU
		{45100718-0584-42EE-9D64-1ECA61A4CB60}.Debug|Any CPU.ActiveCfg = Debug|Any CPU
		{45100718-0584-42EE-9D64-1ECA61A4CB60}.Debug|Any CPU.Build.0 = Debug|Any CPU
		{45100718-0584-42EE-9D64-1ECA61A4CB60}.Debug|iPhone.ActiveCfg = Debug|Any CPU
		{45100718-0584-42EE-9D64-1ECA61A4CB60}.Debug|iPhone.Build.0 = Debug|Any CPU
		{45100718-0584-42EE-9D64-1ECA61A4CB60}.Debug|iPhoneSimulator.ActiveCfg = Debug|Any CPU
		{45100718-0584-42EE-9D64-1ECA61A4CB60}.Debug|iPhoneSimulator.Build.0 = Debug|Any CPU
		{45100718-0584-42EE-9D64-1ECA61A4CB60}.Debug|Mixed Platforms.ActiveCfg = Debug|Any CPU
		{45100718-0584-42EE-9D64-1ECA61A4CB60}.Debug|Mixed Platforms.Build.0 = Debug|Any CPU
		{45100718-0584-42EE-9D64-1ECA61A4CB60}.Debug|x64.ActiveCfg = Debug|Any CPU
		{45100718-0584-42EE-9D64-1ECA61A4CB60}.Debug|x64.Build.0 = Debug|Any CPU
		{45100718-0584-42EE-9D64-1ECA61A4CB60}.Debug|x86.ActiveCfg = Debug|Any CPU
		{45100718-0584-42EE-9D64-1ECA61A4CB60}.Debug|x86.Build.0 = Debug|Any CPU
		{45100718-0584-42EE-9D64-1ECA61A4CB60}.Release|Any CPU.ActiveCfg = Release|Any CPU
		{45100718-0584-42EE-9D64-1ECA61A4CB60}.Release|Any CPU.Build.0 = Release|Any CPU
		{45100718-0584-42EE-9D64-1ECA61A4CB60}.Release|iPhone.ActiveCfg = Release|Any CPU
		{45100718-0584-42EE-9D64-1ECA61A4CB60}.Release|iPhone.Build.0 = Release|Any CPU
		{45100718-0584-42EE-9D64-1ECA61A4CB60}.Release|iPhoneSimulator.ActiveCfg = Release|Any CPU
		{45100718-0584-42EE-9D64-1ECA61A4CB60}.Release|iPhoneSimulator.Build.0 = Release|Any CPU
		{45100718-0584-42EE-9D64-1ECA61A4CB60}.Release|Mixed Platforms.ActiveCfg = Release|Any CPU
		{45100718-0584-42EE-9D64-1ECA61A4CB60}.Release|Mixed Platforms.Build.0 = Release|Any CPU
		{45100718-0584-42EE-9D64-1ECA61A4CB60}.Release|x64.ActiveCfg = Release|Any CPU
		{45100718-0584-42EE-9D64-1ECA61A4CB60}.Release|x64.Build.0 = Release|Any CPU
		{45100718-0584-42EE-9D64-1ECA61A4CB60}.Release|x86.ActiveCfg = Release|Any CPU
		{45100718-0584-42EE-9D64-1ECA61A4CB60}.Release|x86.Build.0 = Release|Any CPU
		{BE334868-9D0C-47CA-B215-BEC9C155801B}.Debug|Any CPU.ActiveCfg = Debug|Any CPU
		{BE334868-9D0C-47CA-B215-BEC9C155801B}.Debug|Any CPU.Build.0 = Debug|Any CPU
		{BE334868-9D0C-47CA-B215-BEC9C155801B}.Debug|Any CPU.Deploy.0 = Debug|Any CPU
		{BE334868-9D0C-47CA-B215-BEC9C155801B}.Debug|iPhone.ActiveCfg = Debug|Any CPU
		{BE334868-9D0C-47CA-B215-BEC9C155801B}.Debug|iPhone.Build.0 = Debug|Any CPU
		{BE334868-9D0C-47CA-B215-BEC9C155801B}.Debug|iPhone.Deploy.0 = Debug|Any CPU
		{BE334868-9D0C-47CA-B215-BEC9C155801B}.Debug|iPhoneSimulator.ActiveCfg = Debug|Any CPU
		{BE334868-9D0C-47CA-B215-BEC9C155801B}.Debug|iPhoneSimulator.Build.0 = Debug|Any CPU
		{BE334868-9D0C-47CA-B215-BEC9C155801B}.Debug|iPhoneSimulator.Deploy.0 = Debug|Any CPU
		{BE334868-9D0C-47CA-B215-BEC9C155801B}.Debug|Mixed Platforms.ActiveCfg = Debug|Any CPU
		{BE334868-9D0C-47CA-B215-BEC9C155801B}.Debug|Mixed Platforms.Build.0 = Debug|Any CPU
		{BE334868-9D0C-47CA-B215-BEC9C155801B}.Debug|Mixed Platforms.Deploy.0 = Debug|Any CPU
		{BE334868-9D0C-47CA-B215-BEC9C155801B}.Debug|x64.ActiveCfg = Debug|Any CPU
		{BE334868-9D0C-47CA-B215-BEC9C155801B}.Debug|x64.Build.0 = Debug|Any CPU
		{BE334868-9D0C-47CA-B215-BEC9C155801B}.Debug|x64.Deploy.0 = Debug|Any CPU
		{BE334868-9D0C-47CA-B215-BEC9C155801B}.Debug|x86.ActiveCfg = Debug|Any CPU
		{BE334868-9D0C-47CA-B215-BEC9C155801B}.Debug|x86.Build.0 = Debug|Any CPU
		{BE334868-9D0C-47CA-B215-BEC9C155801B}.Debug|x86.Deploy.0 = Debug|Any CPU
		{BE334868-9D0C-47CA-B215-BEC9C155801B}.Release|Any CPU.ActiveCfg = Release|Any CPU
		{BE334868-9D0C-47CA-B215-BEC9C155801B}.Release|Any CPU.Build.0 = Release|Any CPU
		{BE334868-9D0C-47CA-B215-BEC9C155801B}.Release|Any CPU.Deploy.0 = Release|Any CPU
		{BE334868-9D0C-47CA-B215-BEC9C155801B}.Release|iPhone.ActiveCfg = Release|Any CPU
		{BE334868-9D0C-47CA-B215-BEC9C155801B}.Release|iPhone.Build.0 = Release|Any CPU
		{BE334868-9D0C-47CA-B215-BEC9C155801B}.Release|iPhone.Deploy.0 = Release|Any CPU
		{BE334868-9D0C-47CA-B215-BEC9C155801B}.Release|iPhoneSimulator.ActiveCfg = Release|Any CPU
		{BE334868-9D0C-47CA-B215-BEC9C155801B}.Release|iPhoneSimulator.Build.0 = Release|Any CPU
		{BE334868-9D0C-47CA-B215-BEC9C155801B}.Release|iPhoneSimulator.Deploy.0 = Release|Any CPU
		{BE334868-9D0C-47CA-B215-BEC9C155801B}.Release|Mixed Platforms.ActiveCfg = Release|Any CPU
		{BE334868-9D0C-47CA-B215-BEC9C155801B}.Release|Mixed Platforms.Build.0 = Release|Any CPU
		{BE334868-9D0C-47CA-B215-BEC9C155801B}.Release|Mixed Platforms.Deploy.0 = Release|Any CPU
		{BE334868-9D0C-47CA-B215-BEC9C155801B}.Release|x64.ActiveCfg = Release|Any CPU
		{BE334868-9D0C-47CA-B215-BEC9C155801B}.Release|x64.Build.0 = Release|Any CPU
		{BE334868-9D0C-47CA-B215-BEC9C155801B}.Release|x64.Deploy.0 = Release|Any CPU
		{BE334868-9D0C-47CA-B215-BEC9C155801B}.Release|x86.ActiveCfg = Release|Any CPU
		{BE334868-9D0C-47CA-B215-BEC9C155801B}.Release|x86.Build.0 = Release|Any CPU
		{BE334868-9D0C-47CA-B215-BEC9C155801B}.Release|x86.Deploy.0 = Release|Any CPU
		{3818EEBF-BF3E-42D0-9FB9-F1CCF7B6B862}.Debug|Any CPU.ActiveCfg = Debug|Any CPU
		{3818EEBF-BF3E-42D0-9FB9-F1CCF7B6B862}.Debug|Any CPU.Build.0 = Debug|Any CPU
		{3818EEBF-BF3E-42D0-9FB9-F1CCF7B6B862}.Debug|iPhone.ActiveCfg = Debug|Any CPU
		{3818EEBF-BF3E-42D0-9FB9-F1CCF7B6B862}.Debug|iPhone.Build.0 = Debug|Any CPU
		{3818EEBF-BF3E-42D0-9FB9-F1CCF7B6B862}.Debug|iPhoneSimulator.ActiveCfg = Debug|Any CPU
		{3818EEBF-BF3E-42D0-9FB9-F1CCF7B6B862}.Debug|iPhoneSimulator.Build.0 = Debug|Any CPU
		{3818EEBF-BF3E-42D0-9FB9-F1CCF7B6B862}.Debug|Mixed Platforms.ActiveCfg = Debug|Any CPU
		{3818EEBF-BF3E-42D0-9FB9-F1CCF7B6B862}.Debug|Mixed Platforms.Build.0 = Debug|Any CPU
		{3818EEBF-BF3E-42D0-9FB9-F1CCF7B6B862}.Debug|x64.ActiveCfg = Debug|Any CPU
		{3818EEBF-BF3E-42D0-9FB9-F1CCF7B6B862}.Debug|x64.Build.0 = Debug|Any CPU
		{3818EEBF-BF3E-42D0-9FB9-F1CCF7B6B862}.Debug|x86.ActiveCfg = Debug|Any CPU
		{3818EEBF-BF3E-42D0-9FB9-F1CCF7B6B862}.Debug|x86.Build.0 = Debug|Any CPU
		{3818EEBF-BF3E-42D0-9FB9-F1CCF7B6B862}.Release|Any CPU.ActiveCfg = Release|Any CPU
		{3818EEBF-BF3E-42D0-9FB9-F1CCF7B6B862}.Release|Any CPU.Build.0 = Release|Any CPU
		{3818EEBF-BF3E-42D0-9FB9-F1CCF7B6B862}.Release|iPhone.ActiveCfg = Release|Any CPU
		{3818EEBF-BF3E-42D0-9FB9-F1CCF7B6B862}.Release|iPhone.Build.0 = Release|Any CPU
		{3818EEBF-BF3E-42D0-9FB9-F1CCF7B6B862}.Release|iPhoneSimulator.ActiveCfg = Release|Any CPU
		{3818EEBF-BF3E-42D0-9FB9-F1CCF7B6B862}.Release|iPhoneSimulator.Build.0 = Release|Any CPU
		{3818EEBF-BF3E-42D0-9FB9-F1CCF7B6B862}.Release|Mixed Platforms.ActiveCfg = Release|Any CPU
		{3818EEBF-BF3E-42D0-9FB9-F1CCF7B6B862}.Release|Mixed Platforms.Build.0 = Release|Any CPU
		{3818EEBF-BF3E-42D0-9FB9-F1CCF7B6B862}.Release|x64.ActiveCfg = Release|Any CPU
		{3818EEBF-BF3E-42D0-9FB9-F1CCF7B6B862}.Release|x64.Build.0 = Release|Any CPU
		{3818EEBF-BF3E-42D0-9FB9-F1CCF7B6B862}.Release|x86.ActiveCfg = Release|Any CPU
		{3818EEBF-BF3E-42D0-9FB9-F1CCF7B6B862}.Release|x86.Build.0 = Release|Any CPU
		{238A2A9F-578C-4F13-B4A7-0224DED1E295}.Debug|Any CPU.ActiveCfg = Debug|Any CPU
		{238A2A9F-578C-4F13-B4A7-0224DED1E295}.Debug|Any CPU.Build.0 = Debug|Any CPU
		{238A2A9F-578C-4F13-B4A7-0224DED1E295}.Debug|iPhone.ActiveCfg = Debug|Any CPU
		{238A2A9F-578C-4F13-B4A7-0224DED1E295}.Debug|iPhone.Build.0 = Debug|Any CPU
		{238A2A9F-578C-4F13-B4A7-0224DED1E295}.Debug|iPhoneSimulator.ActiveCfg = Debug|Any CPU
		{238A2A9F-578C-4F13-B4A7-0224DED1E295}.Debug|iPhoneSimulator.Build.0 = Debug|Any CPU
		{238A2A9F-578C-4F13-B4A7-0224DED1E295}.Debug|Mixed Platforms.ActiveCfg = Debug|Any CPU
		{238A2A9F-578C-4F13-B4A7-0224DED1E295}.Debug|Mixed Platforms.Build.0 = Debug|Any CPU
		{238A2A9F-578C-4F13-B4A7-0224DED1E295}.Debug|x64.ActiveCfg = Debug|Any CPU
		{238A2A9F-578C-4F13-B4A7-0224DED1E295}.Debug|x64.Build.0 = Debug|Any CPU
		{238A2A9F-578C-4F13-B4A7-0224DED1E295}.Debug|x86.ActiveCfg = Debug|Any CPU
		{238A2A9F-578C-4F13-B4A7-0224DED1E295}.Debug|x86.Build.0 = Debug|Any CPU
		{238A2A9F-578C-4F13-B4A7-0224DED1E295}.Release|Any CPU.ActiveCfg = Release|Any CPU
		{238A2A9F-578C-4F13-B4A7-0224DED1E295}.Release|Any CPU.Build.0 = Release|Any CPU
		{238A2A9F-578C-4F13-B4A7-0224DED1E295}.Release|iPhone.ActiveCfg = Release|Any CPU
		{238A2A9F-578C-4F13-B4A7-0224DED1E295}.Release|iPhone.Build.0 = Release|Any CPU
		{238A2A9F-578C-4F13-B4A7-0224DED1E295}.Release|iPhoneSimulator.ActiveCfg = Release|Any CPU
		{238A2A9F-578C-4F13-B4A7-0224DED1E295}.Release|iPhoneSimulator.Build.0 = Release|Any CPU
		{238A2A9F-578C-4F13-B4A7-0224DED1E295}.Release|Mixed Platforms.ActiveCfg = Release|Any CPU
		{238A2A9F-578C-4F13-B4A7-0224DED1E295}.Release|Mixed Platforms.Build.0 = Release|Any CPU
		{238A2A9F-578C-4F13-B4A7-0224DED1E295}.Release|x64.ActiveCfg = Release|Any CPU
		{238A2A9F-578C-4F13-B4A7-0224DED1E295}.Release|x64.Build.0 = Release|Any CPU
		{238A2A9F-578C-4F13-B4A7-0224DED1E295}.Release|x86.ActiveCfg = Release|Any CPU
		{238A2A9F-578C-4F13-B4A7-0224DED1E295}.Release|x86.Build.0 = Release|Any CPU
		{61EE8AC1-F80C-4E5D-9D0D-424A5D74791C}.Debug|Any CPU.ActiveCfg = Debug|Any CPU
		{61EE8AC1-F80C-4E5D-9D0D-424A5D74791C}.Debug|Any CPU.Build.0 = Debug|Any CPU
		{61EE8AC1-F80C-4E5D-9D0D-424A5D74791C}.Debug|iPhone.ActiveCfg = Debug|Any CPU
		{61EE8AC1-F80C-4E5D-9D0D-424A5D74791C}.Debug|iPhone.Build.0 = Debug|Any CPU
		{61EE8AC1-F80C-4E5D-9D0D-424A5D74791C}.Debug|iPhoneSimulator.ActiveCfg = Debug|Any CPU
		{61EE8AC1-F80C-4E5D-9D0D-424A5D74791C}.Debug|iPhoneSimulator.Build.0 = Debug|Any CPU
		{61EE8AC1-F80C-4E5D-9D0D-424A5D74791C}.Debug|Mixed Platforms.ActiveCfg = Debug|Any CPU
		{61EE8AC1-F80C-4E5D-9D0D-424A5D74791C}.Debug|Mixed Platforms.Build.0 = Debug|Any CPU
		{61EE8AC1-F80C-4E5D-9D0D-424A5D74791C}.Debug|x64.ActiveCfg = Debug|Any CPU
		{61EE8AC1-F80C-4E5D-9D0D-424A5D74791C}.Debug|x64.Build.0 = Debug|Any CPU
		{61EE8AC1-F80C-4E5D-9D0D-424A5D74791C}.Debug|x86.ActiveCfg = Debug|Any CPU
		{61EE8AC1-F80C-4E5D-9D0D-424A5D74791C}.Debug|x86.Build.0 = Debug|Any CPU
		{61EE8AC1-F80C-4E5D-9D0D-424A5D74791C}.Release|Any CPU.ActiveCfg = Release|Any CPU
		{61EE8AC1-F80C-4E5D-9D0D-424A5D74791C}.Release|Any CPU.Build.0 = Release|Any CPU
		{61EE8AC1-F80C-4E5D-9D0D-424A5D74791C}.Release|iPhone.ActiveCfg = Release|Any CPU
		{61EE8AC1-F80C-4E5D-9D0D-424A5D74791C}.Release|iPhone.Build.0 = Release|Any CPU
		{61EE8AC1-F80C-4E5D-9D0D-424A5D74791C}.Release|iPhoneSimulator.ActiveCfg = Release|Any CPU
		{61EE8AC1-F80C-4E5D-9D0D-424A5D74791C}.Release|iPhoneSimulator.Build.0 = Release|Any CPU
		{61EE8AC1-F80C-4E5D-9D0D-424A5D74791C}.Release|Mixed Platforms.ActiveCfg = Release|Any CPU
		{61EE8AC1-F80C-4E5D-9D0D-424A5D74791C}.Release|Mixed Platforms.Build.0 = Release|Any CPU
		{61EE8AC1-F80C-4E5D-9D0D-424A5D74791C}.Release|x64.ActiveCfg = Release|Any CPU
		{61EE8AC1-F80C-4E5D-9D0D-424A5D74791C}.Release|x64.Build.0 = Release|Any CPU
		{61EE8AC1-F80C-4E5D-9D0D-424A5D74791C}.Release|x86.ActiveCfg = Release|Any CPU
		{61EE8AC1-F80C-4E5D-9D0D-424A5D74791C}.Release|x86.Build.0 = Release|Any CPU
		{081D5457-6212-451C-A9DE-D035AAEFC94A}.Debug|Any CPU.ActiveCfg = Debug|Any CPU
		{081D5457-6212-451C-A9DE-D035AAEFC94A}.Debug|Any CPU.Build.0 = Debug|Any CPU
		{081D5457-6212-451C-A9DE-D035AAEFC94A}.Debug|iPhone.ActiveCfg = Debug|Any CPU
		{081D5457-6212-451C-A9DE-D035AAEFC94A}.Debug|iPhone.Build.0 = Debug|Any CPU
		{081D5457-6212-451C-A9DE-D035AAEFC94A}.Debug|iPhoneSimulator.ActiveCfg = Debug|Any CPU
		{081D5457-6212-451C-A9DE-D035AAEFC94A}.Debug|iPhoneSimulator.Build.0 = Debug|Any CPU
		{081D5457-6212-451C-A9DE-D035AAEFC94A}.Debug|Mixed Platforms.ActiveCfg = Debug|Any CPU
		{081D5457-6212-451C-A9DE-D035AAEFC94A}.Debug|Mixed Platforms.Build.0 = Debug|Any CPU
		{081D5457-6212-451C-A9DE-D035AAEFC94A}.Debug|x64.ActiveCfg = Debug|Any CPU
		{081D5457-6212-451C-A9DE-D035AAEFC94A}.Debug|x64.Build.0 = Debug|Any CPU
		{081D5457-6212-451C-A9DE-D035AAEFC94A}.Debug|x86.ActiveCfg = Debug|Any CPU
		{081D5457-6212-451C-A9DE-D035AAEFC94A}.Debug|x86.Build.0 = Debug|Any CPU
		{081D5457-6212-451C-A9DE-D035AAEFC94A}.Release|Any CPU.ActiveCfg = Release|Any CPU
		{081D5457-6212-451C-A9DE-D035AAEFC94A}.Release|Any CPU.Build.0 = Release|Any CPU
		{081D5457-6212-451C-A9DE-D035AAEFC94A}.Release|iPhone.ActiveCfg = Release|Any CPU
		{081D5457-6212-451C-A9DE-D035AAEFC94A}.Release|iPhone.Build.0 = Release|Any CPU
		{081D5457-6212-451C-A9DE-D035AAEFC94A}.Release|iPhoneSimulator.ActiveCfg = Release|Any CPU
		{081D5457-6212-451C-A9DE-D035AAEFC94A}.Release|iPhoneSimulator.Build.0 = Release|Any CPU
		{081D5457-6212-451C-A9DE-D035AAEFC94A}.Release|Mixed Platforms.ActiveCfg = Release|Any CPU
		{081D5457-6212-451C-A9DE-D035AAEFC94A}.Release|Mixed Platforms.Build.0 = Release|Any CPU
		{081D5457-6212-451C-A9DE-D035AAEFC94A}.Release|x64.ActiveCfg = Release|Any CPU
		{081D5457-6212-451C-A9DE-D035AAEFC94A}.Release|x64.Build.0 = Release|Any CPU
		{081D5457-6212-451C-A9DE-D035AAEFC94A}.Release|x86.ActiveCfg = Release|Any CPU
		{081D5457-6212-451C-A9DE-D035AAEFC94A}.Release|x86.Build.0 = Release|Any CPU
		{8831C9A3-B743-42D9-9989-79DC829E6F59}.Debug|Any CPU.ActiveCfg = Debug|Any CPU
		{8831C9A3-B743-42D9-9989-79DC829E6F59}.Debug|Any CPU.Build.0 = Debug|Any CPU
		{8831C9A3-B743-42D9-9989-79DC829E6F59}.Debug|iPhone.ActiveCfg = Debug|Any CPU
		{8831C9A3-B743-42D9-9989-79DC829E6F59}.Debug|iPhone.Build.0 = Debug|Any CPU
		{8831C9A3-B743-42D9-9989-79DC829E6F59}.Debug|iPhoneSimulator.ActiveCfg = Debug|Any CPU
		{8831C9A3-B743-42D9-9989-79DC829E6F59}.Debug|iPhoneSimulator.Build.0 = Debug|Any CPU
		{8831C9A3-B743-42D9-9989-79DC829E6F59}.Debug|Mixed Platforms.ActiveCfg = Debug|Any CPU
		{8831C9A3-B743-42D9-9989-79DC829E6F59}.Debug|Mixed Platforms.Build.0 = Debug|Any CPU
		{8831C9A3-B743-42D9-9989-79DC829E6F59}.Debug|x64.ActiveCfg = Debug|Any CPU
		{8831C9A3-B743-42D9-9989-79DC829E6F59}.Debug|x64.Build.0 = Debug|Any CPU
		{8831C9A3-B743-42D9-9989-79DC829E6F59}.Debug|x86.ActiveCfg = Debug|Any CPU
		{8831C9A3-B743-42D9-9989-79DC829E6F59}.Debug|x86.Build.0 = Debug|Any CPU
		{8831C9A3-B743-42D9-9989-79DC829E6F59}.Release|Any CPU.ActiveCfg = Release|Any CPU
		{8831C9A3-B743-42D9-9989-79DC829E6F59}.Release|Any CPU.Build.0 = Release|Any CPU
		{8831C9A3-B743-42D9-9989-79DC829E6F59}.Release|iPhone.ActiveCfg = Release|Any CPU
		{8831C9A3-B743-42D9-9989-79DC829E6F59}.Release|iPhone.Build.0 = Release|Any CPU
		{8831C9A3-B743-42D9-9989-79DC829E6F59}.Release|iPhoneSimulator.ActiveCfg = Release|Any CPU
		{8831C9A3-B743-42D9-9989-79DC829E6F59}.Release|iPhoneSimulator.Build.0 = Release|Any CPU
		{8831C9A3-B743-42D9-9989-79DC829E6F59}.Release|Mixed Platforms.ActiveCfg = Release|Any CPU
		{8831C9A3-B743-42D9-9989-79DC829E6F59}.Release|Mixed Platforms.Build.0 = Release|Any CPU
		{8831C9A3-B743-42D9-9989-79DC829E6F59}.Release|x64.ActiveCfg = Release|Any CPU
		{8831C9A3-B743-42D9-9989-79DC829E6F59}.Release|x64.Build.0 = Release|Any CPU
		{8831C9A3-B743-42D9-9989-79DC829E6F59}.Release|x86.ActiveCfg = Release|Any CPU
		{8831C9A3-B743-42D9-9989-79DC829E6F59}.Release|x86.Build.0 = Release|Any CPU
	EndGlobalSection
	GlobalSection(SolutionProperties) = preSolution
		HideSolutionNode = FALSE
	EndGlobalSection
	GlobalSection(ExtensibilityGlobals) = postSolution
		SolutionGuid = {68C08474-D58C-4BBB-A0D3-A36C12BC5597}
	EndGlobalSection
EndGlobal
