
Microsoft Visual Studio Solution File, Format Version 12.00
# Visual Studio 15
VisualStudioVersion = 15.0.27130.2010
MinimumVisualStudioVersion = 10.0.40219.1
Project("{9A19103F-16F7-4668-BE54-9A1E7A4F7556}") = "Kiwi", "Kiwi\Kiwi.csproj", "{E629C473-42F2-4005-B180-5781DD5DDE55}"
EndProject
Project("{9A19103F-16F7-4668-BE54-9A1E7A4F7556}") = "Kiwi.Tests", "Kiwi.Tests\Kiwi.Tests.csproj", "{F075AD13-B485-4396-8F6D-5C6CD6B00DD3}"
EndProject
Project("{FAE04EC0-301F-11D3-BF4B-00C04F79EFBC}") = "Kiwi.Benchmarks", "Kiwi.Benchmarks\Kiwi.Benchmarks.csproj", "{EA85FBB9-3D59-4924-AA3C-03A00117287D}"
EndProject
Global
	GlobalSection(SolutionConfigurationPlatforms) = preSolution
		Debug|Any CPU = Debug|Any CPU
		Release|Any CPU = Release|Any CPU
	EndGlobalSection
	GlobalSection(ProjectConfigurationPlatforms) = postSolution
		{E629C473-42F2-4005-B180-5781DD5DDE55}.Debug|Any CPU.ActiveCfg = Debug|Any CPU
		{E629C473-42F2-4005-B180-5781DD5DDE55}.Debug|Any CPU.Build.0 = Debug|Any CPU
		{E629C473-42F2-4005-B180-5781DD5DDE55}.Release|Any CPU.ActiveCfg = Release|Any CPU
		{E629C473-42F2-4005-B180-5781DD5DDE55}.Release|Any CPU.Build.0 = Release|Any CPU
		{F075AD13-B485-4396-8F6D-5C6CD6B00DD3}.Debug|Any CPU.ActiveCfg = Debug|Any CPU
		{F075AD13-B485-4396-8F6D-5C6CD6B00DD3}.Debug|Any CPU.Build.0 = Debug|Any CPU
		{F075AD13-B485-4396-8F6D-5C6CD6B00DD3}.Release|Any CPU.ActiveCfg = Release|Any CPU
		{F075AD13-B485-4396-8F6D-5C6CD6B00DD3}.Release|Any CPU.Build.0 = Release|Any CPU
		{EA85FBB9-3D59-4924-AA3C-03A00117287D}.Debug|Any CPU.ActiveCfg = Debug|Any CPU
		{EA85FBB9-3D59-4924-AA3C-03A00117287D}.Debug|Any CPU.Build.0 = Debug|Any CPU
		{EA85FBB9-3D59-4924-AA3C-03A00117287D}.Release|Any CPU.ActiveCfg = Release|Any CPU
		{EA85FBB9-3D59-4924-AA3C-03A00117287D}.Release|Any CPU.Build.0 = Release|Any CPU
	EndGlobalSection
	GlobalSection(SolutionProperties) = preSolution
		HideSolutionNode = FALSE
	EndGlobalSection
	GlobalSection(ExtensibilityGlobals) = postSolution
		SolutionGuid = {E8C6563F-5505-4A00-8586-20861B4EB8E0}
	EndGlobalSection
EndGlobal
